
Microsoft Visual Studio Solution File, Format Version 12.00
# Visual Studio Version 17
VisualStudioVersion = 17.9.34902.65
MinimumVisualStudioVersion = 10.0.40219.1
Project("{FAE04EC0-301F-11D3-BF4B-00C04F79EFBC}") = "JsonDictMigrate", "JsonDictMigrate.csproj", "{7ACE11BF-DDD4-4EF5-B43B-697955A7F3FD}"
EndProject
Global
	GlobalSection(SolutionConfigurationPlatforms) = preSolution
		Debug|Any CPU = Debug|Any CPU
		Release|Any CPU = Release|Any CPU
	EndGlobalSection
	GlobalSection(ProjectConfigurationPlatforms) = postSolution
		{7ACE11BF-DDD4-4EF5-B43B-697955A7F3FD}.Debug|Any CPU.ActiveCfg = Debug|Any CPU
		{7ACE11BF-DDD4-4EF5-B43B-697955A7F3FD}.Debug|Any CPU.Build.0 = Debug|Any CPU
		{7ACE11BF-DDD4-4EF5-B43B-697955A7F3FD}.Release|Any CPU.ActiveCfg = Release|Any CPU
		{7ACE11BF-DDD4-4EF5-B43B-697955A7F3FD}.Release|Any CPU.Build.0 = Release|Any CPU
	EndGlobalSection
	GlobalSection(SolutionProperties) = preSolution
		HideSolutionNode = FALSE
	EndGlobalSection
	GlobalSection(ExtensibilityGlobals) = postSolution
		SolutionGuid = {2BD8557A-93A1-467E-99B1-F388C1ADE3F2}
	EndGlobalSection
EndGlobal
